
Microsoft Visual Studio Solution File, Format Version 12.00
# Visual Studio Version 16
VisualStudioVersion = 16.0.29009.5
MinimumVisualStudioVersion = 10.0.40219.1
Project("{FAE04EC0-301F-11D3-BF4B-00C04F79EFBC}") = "BookXMLReader", "BookXMLReader\BookXMLReader.csproj", "{51184AF7-1892-4F40-A998-2EFEEFD5DA21}"
EndProject
Global
	GlobalSection(SolutionConfigurationPlatforms) = preSolution
		Debug|Any CPU = Debug|Any CPU
		Release|Any CPU = Release|Any CPU
	EndGlobalSection
	GlobalSection(ProjectConfigurationPlatforms) = postSolution
		{51184AF7-1892-4F40-A998-2EFEEFD5DA21}.Debug|Any CPU.ActiveCfg = Debug|Any CPU
		{51184AF7-1892-4F40-A998-2EFEEFD5DA21}.Debug|Any CPU.Build.0 = Debug|Any CPU
		{51184AF7-1892-4F40-A998-2EFEEFD5DA21}.Release|Any CPU.ActiveCfg = Release|Any CPU
		{51184AF7-1892-4F40-A998-2EFEEFD5DA21}.Release|Any CPU.Build.0 = Release|Any CPU
	EndGlobalSection
	GlobalSection(SolutionProperties) = preSolution
		HideSolutionNode = FALSE
	EndGlobalSection
	GlobalSection(ExtensibilityGlobals) = postSolution
		SolutionGuid = {6EEE7C2D-6542-4A51-B92F-24255DE217E7}
	EndGlobalSection
EndGlobal
